// !$*UTF8*$!
{
	archiveVersion = 1;
	classes = {
	};
	objectVersion = 46;
	objects = {

/* Begin PBXBuildFile section */
		1EB61B721C449DAB000AEDC8 /* AppDelegate.swift in Sources */ = {isa = PBXBuildFile; fileRef = 1EB61B711C449DAB000AEDC8 /* AppDelegate.swift */; };
		1EB61B741C449DAB000AEDC8 /* ViewController.swift in Sources */ = {isa = PBXBuildFile; fileRef = 1EB61B731C449DAB000AEDC8 /* ViewController.swift */; };
		1EB61B771C449DAB000AEDC8 /* Main.storyboard in Resources */ = {isa = PBXBuildFile; fileRef = 1EB61B751C449DAB000AEDC8 /* Main.storyboard */; };
		1EB61B791C449DAB000AEDC8 /* Assets.xcassets in Resources */ = {isa = PBXBuildFile; fileRef = 1EB61B781C449DAB000AEDC8 /* Assets.xcassets */; };
		1EB61B7C1C449DAB000AEDC8 /* LaunchScreen.storyboard in Resources */ = {isa = PBXBuildFile; fileRef = 1EB61B7A1C449DAB000AEDC8 /* LaunchScreen.storyboard */; };
		1EB61B871C449DAB000AEDC8 /* Meme_MakerTests.swift in Sources */ = {isa = PBXBuildFile; fileRef = 1EB61B861C449DAB000AEDC8 /* Meme_MakerTests.swift */; };
		1EB61B921C449DAB000AEDC8 /* Meme_MakerUITests.swift in Sources */ = {isa = PBXBuildFile; fileRef = 1EB61B911C449DAB000AEDC8 /* Meme_MakerUITests.swift */; };
/* End PBXBuildFile section */

/* Begin PBXContainerItemProxy section */
		1EB61B831C449DAB000AEDC8 /* PBXContainerItemProxy */ = {
			isa = PBXContainerItemProxy;
			containerPortal = 1EB61B661C449DAA000AEDC8 /* Project object */;
			proxyType = 1;
			remoteGlobalIDString = 1EB61B6D1C449DAA000AEDC8;
			remoteInfo = "Meme Maker";
		};
		1EB61B8E1C449DAB000AEDC8 /* PBXContainerItemProxy */ = {
			isa = PBXContainerItemProxy;
			containerPortal = 1EB61B661C449DAA000AEDC8 /* Project object */;
			proxyType = 1;
			remoteGlobalIDString = 1EB61B6D1C449DAA000AEDC8;
			remoteInfo = "Meme Maker";
		};
/* End PBXContainerItemProxy section */

/* Begin PBXFileReference section */
		1EB61B6E1C449DAA000AEDC8 /* Meme Maker.app */ = {isa = PBXFileReference; explicitFileType = wrapper.application; includeInIndex = 0; path = "Meme Maker.app"; sourceTree = BUILT_PRODUCTS_DIR; };
		1EB61B711C449DAB000AEDC8 /* AppDelegate.swift */ = {isa = PBXFileReference; lastKnownFileType = sourcecode.swift; path = AppDelegate.swift; sourceTree = "<group>"; };
		1EB61B731C449DAB000AEDC8 /* ViewController.swift */ = {isa = PBXFileReference; lastKnownFileType = sourcecode.swift; path = ViewController.swift; sourceTree = "<group>"; };
		1EB61B761C449DAB000AEDC8 /* Base */ = {isa = PBXFileReference; lastKnownFileType = file.storyboard; name = Base; path = Base.lproj/Main.storyboard; sourceTree = "<group>"; };
		1EB61B781C449DAB000AEDC8 /* Assets.xcassets */ = {isa = PBXFileReference; lastKnownFileType = folder.assetcatalog; path = Assets.xcassets; sourceTree = "<group>"; };
		1EB61B7B1C449DAB000AEDC8 /* Base */ = {isa = PBXFileReference; lastKnownFileType = file.storyboard; name = Base; path = Base.lproj/LaunchScreen.storyboard; sourceTree = "<group>"; };
		1EB61B7D1C449DAB000AEDC8 /* Info.plist */ = {isa = PBXFileReference; lastKnownFileType = text.plist.xml; path = Info.plist; sourceTree = "<group>"; };
		1EB61B821C449DAB000AEDC8 /* Meme Maker.xctest */ = {isa = PBXFileReference; explicitFileType = wrapper.cfbundle; includeInIndex = 0; path = "Meme Maker.xctest"; sourceTree = BUILT_PRODUCTS_DIR; };
		1EB61B861C449DAB000AEDC8 /* Meme_MakerTests.swift */ = {isa = PBXFileReference; lastKnownFileType = sourcecode.swift; path = Meme_MakerTests.swift; sourceTree = "<group>"; };
		1EB61B881C449DAB000AEDC8 /* Info.plist */ = {isa = PBXFileReference; lastKnownFileType = text.plist.xml; path = Info.plist; sourceTree = "<group>"; };
		1EB61B8D1C449DAB000AEDC8 /* Meme Maker.xctest */ = {isa = PBXFileReference; explicitFileType = wrapper.cfbundle; includeInIndex = 0; path = "Meme Maker.xctest"; sourceTree = BUILT_PRODUCTS_DIR; };
		1EB61B911C449DAB000AEDC8 /* Meme_MakerUITests.swift */ = {isa = PBXFileReference; lastKnownFileType = sourcecode.swift; path = Meme_MakerUITests.swift; sourceTree = "<group>"; };
		1EB61B931C449DAB000AEDC8 /* Info.plist */ = {isa = PBXFileReference; lastKnownFileType = text.plist.xml; path = Info.plist; sourceTree = "<group>"; };
/* End PBXFileReference section */

/* Begin PBXFrameworksBuildPhase section */
		1EB61B6B1C449DAA000AEDC8 /* Frameworks */ = {
			isa = PBXFrameworksBuildPhase;
			buildActionMask = 2147483647;
			files = (
			);
			runOnlyForDeploymentPostprocessing = 0;
		};
		1EB61B7F1C449DAB000AEDC8 /* Frameworks */ = {
			isa = PBXFrameworksBuildPhase;
			buildActionMask = 2147483647;
			files = (
			);
			runOnlyForDeploymentPostprocessing = 0;
		};
		1EB61B8A1C449DAB000AEDC8 /* Frameworks */ = {
			isa = PBXFrameworksBuildPhase;
			buildActionMask = 2147483647;
			files = (
			);
			runOnlyForDeploymentPostprocessing = 0;
		};
/* End PBXFrameworksBuildPhase section */

/* Begin PBXGroup section */
		1EB61B651C449DAA000AEDC8 = {
			isa = PBXGroup;
			children = (
				1EB61B701C449DAA000AEDC8 /* Meme Maker */,
				1EB61B851C449DAB000AEDC8 /* Meme MakerTests */,
				1EB61B901C449DAB000AEDC8 /* Meme MakerUITests */,
				1EB61B6F1C449DAA000AEDC8 /* Products */,
			);
			sourceTree = "<group>";
		};
		1EB61B6F1C449DAA000AEDC8 /* Products */ = {
			isa = PBXGroup;
			children = (
				1EB61B6E1C449DAA000AEDC8 /* Meme Maker.app */,
				1EB61B821C449DAB000AEDC8 /* Meme Maker.xctest */,
				1EB61B8D1C449DAB000AEDC8 /* Meme Maker.xctest */,
			);
			name = Products;
			sourceTree = "<group>";
		};
		1EB61B701C449DAA000AEDC8 /* Meme Maker */ = {
			isa = PBXGroup;
			children = (
				1EB61B711C449DAB000AEDC8 /* AppDelegate.swift */,
				1EB61B731C449DAB000AEDC8 /* ViewController.swift */,
				1EB61B751C449DAB000AEDC8 /* Main.storyboard */,
				1EB61B781C449DAB000AEDC8 /* Assets.xcassets */,
				1EB61B7A1C449DAB000AEDC8 /* LaunchScreen.storyboard */,
				1EB61B7D1C449DAB000AEDC8 /* Info.plist */,
			);
			path = "Meme Maker";
			sourceTree = "<group>";
		};
		1EB61B851C449DAB000AEDC8 /* Meme MakerTests */ = {
			isa = PBXGroup;
			children = (
				1EB61B861C449DAB000AEDC8 /* Meme_MakerTests.swift */,
				1EB61B881C449DAB000AEDC8 /* Info.plist */,
			);
			path = "Meme MakerTests";
			sourceTree = "<group>";
		};
		1EB61B901C449DAB000AEDC8 /* Meme MakerUITests */ = {
			isa = PBXGroup;
			children = (
				1EB61B911C449DAB000AEDC8 /* Meme_MakerUITests.swift */,
				1EB61B931C449DAB000AEDC8 /* Info.plist */,
			);
			path = "Meme MakerUITests";
			sourceTree = "<group>";
		};
/* End PBXGroup section */

/* Begin PBXNativeTarget section */
		1EB61B6D1C449DAA000AEDC8 /* Meme Maker */ = {
			isa = PBXNativeTarget;
			buildConfigurationList = 1EB61B961C449DAB000AEDC8 /* Build configuration list for PBXNativeTarget "Meme Maker" */;
			buildPhases = (
				1EB61B6A1C449DAA000AEDC8 /* Sources */,
				1EB61B6B1C449DAA000AEDC8 /* Frameworks */,
				1EB61B6C1C449DAA000AEDC8 /* Resources */,
			);
			buildRules = (
			);
			dependencies = (
			);
			name = "Meme Maker";
			productName = "Meme Maker";
			productReference = 1EB61B6E1C449DAA000AEDC8 /* Meme Maker.app */;
			productType = "com.apple.product-type.application";
		};
		1EB61B811C449DAB000AEDC8 /* Meme MakerTests */ = {
			isa = PBXNativeTarget;
			buildConfigurationList = 1EB61B991C449DAB000AEDC8 /* Build configuration list for PBXNativeTarget "Meme MakerTests" */;
			buildPhases = (
				1EB61B7E1C449DAB000AEDC8 /* Sources */,
				1EB61B7F1C449DAB000AEDC8 /* Frameworks */,
				1EB61B801C449DAB000AEDC8 /* Resources */,
			);
			buildRules = (
			);
			dependencies = (
				1EB61B841C449DAB000AEDC8 /* PBXTargetDependency */,
			);
			name = "Meme MakerTests";
			productName = "Meme MakerTests";
			productReference = 1EB61B821C449DAB000AEDC8 /* Meme Maker.xctest */;
			productType = "com.apple.product-type.bundle.unit-test";
		};
		1EB61B8C1C449DAB000AEDC8 /* Meme MakerUITests */ = {
			isa = PBXNativeTarget;
			buildConfigurationList = 1EB61B9C1C449DAB000AEDC8 /* Build configuration list for PBXNativeTarget "Meme MakerUITests" */;
			buildPhases = (
				1EB61B891C449DAB000AEDC8 /* Sources */,
				1EB61B8A1C449DAB000AEDC8 /* Frameworks */,
				1EB61B8B1C449DAB000AEDC8 /* Resources */,
			);
			buildRules = (
			);
			dependencies = (
				1EB61B8F1C449DAB000AEDC8 /* PBXTargetDependency */,
			);
			name = "Meme MakerUITests";
			productName = "Meme MakerUITests";
			productReference = 1EB61B8D1C449DAB000AEDC8 /* Meme Maker.xctest */;
			productType = "com.apple.product-type.bundle.ui-testing";
		};
/* End PBXNativeTarget section */

/* Begin PBXProject section */
		1EB61B661C449DAA000AEDC8 /* Project object */ = {
			isa = PBXProject;
			attributes = {
				LastSwiftUpdateCheck = 0720;
				LastUpgradeCheck = 0720;
				ORGANIZATIONNAME = "Arunjot Singh";
				TargetAttributes = {
					1EB61B6D1C449DAA000AEDC8 = {
						CreatedOnToolsVersion = 7.2;
						DevelopmentTeam = ZNF5PUBL3L;
					};
					1EB61B811C449DAB000AEDC8 = {
						CreatedOnToolsVersion = 7.2;
						DevelopmentTeam = ZNF5PUBL3L;
						TestTargetID = 1EB61B6D1C449DAA000AEDC8;
					};
					1EB61B8C1C449DAB000AEDC8 = {
						CreatedOnToolsVersion = 7.2;
						DevelopmentTeam = ZNF5PUBL3L;
						TestTargetID = 1EB61B6D1C449DAA000AEDC8;
					};
				};
			};
			buildConfigurationList = 1EB61B691C449DAA000AEDC8 /* Build configuration list for PBXProject "Meme Maker" */;
			compatibilityVersion = "Xcode 3.2";
			developmentRegion = English;
			hasScannedForEncodings = 0;
			knownRegions = (
				en,
				Base,
			);
			mainGroup = 1EB61B651C449DAA000AEDC8;
			productRefGroup = 1EB61B6F1C449DAA000AEDC8 /* Products */;
			projectDirPath = "";
			projectRoot = "";
			targets = (
				1EB61B6D1C449DAA000AEDC8 /* Meme Maker */,
				1EB61B811C449DAB000AEDC8 /* Meme MakerTests */,
				1EB61B8C1C449DAB000AEDC8 /* Meme MakerUITests */,
			);
		};
/* End PBXProject section */

/* Begin PBXResourcesBuildPhase section */
		1EB61B6C1C449DAA000AEDC8 /* Resources */ = {
			isa = PBXResourcesBuildPhase;
			buildActionMask = 2147483647;
			files = (
				1EB61B7C1C449DAB000AEDC8 /* LaunchScreen.storyboard in Resources */,
				1EB61B791C449DAB000AEDC8 /* Assets.xcassets in Resources */,
				1EB61B771C449DAB000AEDC8 /* Main.storyboard in Resources */,
			);
			runOnlyForDeploymentPostprocessing = 0;
		};
		1EB61B801C449DAB000AEDC8 /* Resources */ = {
			isa = PBXResourcesBuildPhase;
			buildActionMask = 2147483647;
			files = (
			);
			runOnlyForDeploymentPostprocessing = 0;
		};
		1EB61B8B1C449DAB000AEDC8 /* Resources */ = {
			isa = PBXResourcesBuildPhase;
			buildActionMask = 2147483647;
			files = (
			);
			runOnlyForDeploymentPostprocessing = 0;
		};
/* End PBXResourcesBuildPhase section */

/* Begin PBXSourcesBuildPhase section */
		1EB61B6A1C449DAA000AEDC8 /* Sources */ = {
			isa = PBXSourcesBuildPhase;
			buildActionMask = 2147483647;
			files = (
				1EB61B741C449DAB000AEDC8 /* ViewController.swift in Sources */,
				1EB61B721C449DAB000AEDC8 /* AppDelegate.swift in Sources */,
			);
			runOnlyForDeploymentPostprocessing = 0;
		};
		1EB61B7E1C449DAB000AEDC8 /* Sources */ = {
			isa = PBXSourcesBuildPhase;
			buildActionMask = 2147483647;
			files = (
				1EB61B871C449DAB000AEDC8 /* Meme_MakerTests.swift in Sources */,
			);
			runOnlyForDeploymentPostprocessing = 0;
		};
		1EB61B891C449DAB000AEDC8 /* Sources */ = {
			isa = PBXSourcesBuildPhase;
			buildActionMask = 2147483647;
			files = (
				1EB61B921C449DAB000AEDC8 /* Meme_MakerUITests.swift in Sources */,
			);
			runOnlyForDeploymentPostprocessing = 0;
		};
/* End PBXSourcesBuildPhase section */

/* Begin PBXTargetDependency section */
		1EB61B841C449DAB000AEDC8 /* PBXTargetDependency */ = {
			isa = PBXTargetDependency;
			target = 1EB61B6D1C449DAA000AEDC8 /* Meme Maker */;
			targetProxy = 1EB61B831C449DAB000AEDC8 /* PBXContainerItemProxy */;
		};
		1EB61B8F1C449DAB000AEDC8 /* PBXTargetDependency */ = {
			isa = PBXTargetDependency;
			target = 1EB61B6D1C449DAA000AEDC8 /* Meme Maker */;
			targetProxy = 1EB61B8E1C449DAB000AEDC8 /* PBXContainerItemProxy */;
		};
/* End PBXTargetDependency section */

/* Begin PBXVariantGroup section */
		1EB61B751C449DAB000AEDC8 /* Main.storyboard */ = {
			isa = PBXVariantGroup;
			children = (
				1EB61B761C449DAB000AEDC8 /* Base */,
			);
			name = Main.storyboard;
			sourceTree = "<group>";
		};
		1EB61B7A1C449DAB000AEDC8 /* LaunchScreen.storyboard */ = {
			isa = PBXVariantGroup;
			children = (
				1EB61B7B1C449DAB000AEDC8 /* Base */,
			);
			name = LaunchScreen.storyboard;
			sourceTree = "<group>";
		};
/* End PBXVariantGroup section */

/* Begin XCBuildConfiguration section */
		1EB61B941C449DAB000AEDC8 /* Debug */ = {
			isa = XCBuildConfiguration;
			buildSettings = {
				ALWAYS_SEARCH_USER_PATHS = NO;
				CLANG_CXX_LANGUAGE_STANDARD = "gnu++0x";
				CLANG_CXX_LIBRARY = "libc++";
				CLANG_ENABLE_MODULES = YES;
				CLANG_ENABLE_OBJC_ARC = YES;
				CLANG_WARN_BOOL_CONVERSION = YES;
				CLANG_WARN_CONSTANT_CONVERSION = YES;
				CLANG_WARN_DIRECT_OBJC_ISA_USAGE = YES_ERROR;
				CLANG_WARN_EMPTY_BODY = YES;
				CLANG_WARN_ENUM_CONVERSION = YES;
				CLANG_WARN_INT_CONVERSION = YES;
				CLANG_WARN_OBJC_ROOT_CLASS = YES_ERROR;
				CLANG_WARN_UNREACHABLE_CODE = YES;
				CLANG_WARN__DUPLICATE_METHOD_MATCH = YES;
				"CODE_SIGN_IDENTITY[sdk=iphoneos*]" = "iPhone Developer";
				COPY_PHASE_STRIP = NO;
				DEBUG_INFORMATION_FORMAT = dwarf;
				ENABLE_STRICT_OBJC_MSGSEND = YES;
				ENABLE_TESTABILITY = YES;
				GCC_C_LANGUAGE_STANDARD = gnu99;
				GCC_DYNAMIC_NO_PIC = NO;
				GCC_NO_COMMON_BLOCKS = YES;
				GCC_OPTIMIZATION_LEVEL = 0;
				GCC_PREPROCESSOR_DEFINITIONS = (
					"DEBUG=1",
					"$(inherited)",
				);
				GCC_WARN_64_TO_32_BIT_CONVERSION = YES;
				GCC_WARN_ABOUT_RETURN_TYPE = YES_ERROR;
				GCC_WARN_UNDECLARED_SELECTOR = YES;
				GCC_WARN_UNINITIALIZED_AUTOS = YES_AGGRESSIVE;
				GCC_WARN_UNUSED_FUNCTION = YES;
				GCC_WARN_UNUSED_VARIABLE = YES;
				IPHONEOS_DEPLOYMENT_TARGET = 9.2;
				MTL_ENABLE_DEBUG_INFO = YES;
				ONLY_ACTIVE_ARCH = YES;
				SDKROOT = iphoneos;
				SWIFT_OPTIMIZATION_LEVEL = "-Onone";
			};
			name = Debug;
		};
		1EB61B951C449DAB000AEDC8 /* Release */ = {
			isa = XCBuildConfiguration;
			buildSettings = {
				ALWAYS_SEARCH_USER_PATHS = NO;
				CLANG_CXX_LANGUAGE_STANDARD = "gnu++0x";
				CLANG_CXX_LIBRARY = "libc++";
				CLANG_ENABLE_MODULES = YES;
				CLANG_ENABLE_OBJC_ARC = YES;
				CLANG_WARN_BOOL_CONVERSION = YES;
				CLANG_WARN_CONSTANT_CONVERSION = YES;
				CLANG_WARN_DIRECT_OBJC_ISA_USAGE = YES_ERROR;
				CLANG_WARN_EMPTY_BODY = YES;
				CLANG_WARN_ENUM_CONVERSION = YES;
				CLANG_WARN_INT_CONVERSION = YES;
				CLANG_WARN_OBJC_ROOT_CLASS = YES_ERROR;
				CLANG_WARN_UNREACHABLE_CODE = YES;
				CLANG_WARN__DUPLICATE_METHOD_MATCH = YES;
				"CODE_SIGN_IDENTITY[sdk=iphoneos*]" = "iPhone Developer";
				COPY_PHASE_STRIP = NO;
				DEBUG_INFORMATION_FORMAT = "dwarf-with-dsym";
				ENABLE_NS_ASSERTIONS = NO;
				ENABLE_STRICT_OBJC_MSGSEND = YES;
				GCC_C_LANGUAGE_STANDARD = gnu99;
				GCC_NO_COMMON_BLOCKS = YES;
				GCC_WARN_64_TO_32_BIT_CONVERSION = YES;
				GCC_WARN_ABOUT_RETURN_TYPE = YES_ERROR;
				GCC_WARN_UNDECLARED_SELECTOR = YES;
				GCC_WARN_UNINITIALIZED_AUTOS = YES_AGGRESSIVE;
				GCC_WARN_UNUSED_FUNCTION = YES;
				GCC_WARN_UNUSED_VARIABLE = YES;
				IPHONEOS_DEPLOYMENT_TARGET = 9.2;
				MTL_ENABLE_DEBUG_INFO = NO;
				SDKROOT = iphoneos;
				VALIDATE_PRODUCT = YES;
			};
			name = Release;
		};
		1EB61B971C449DAB000AEDC8 /* Debug */ = {
			isa = XCBuildConfiguration;
			buildSettings = {
				ASSETCATALOG_COMPILER_APPICON_NAME = AppIcon;
				INFOPLIST_FILE = "Meme Maker/Info.plist";
				LD_RUNPATH_SEARCH_PATHS = "$(inherited) @executable_path/Frameworks";
				PRODUCT_BUNDLE_IDENTIFIER = "com.arunjot.Meme-Maker";
				PRODUCT_NAME = "Meme Maker";
			};
			name = Debug;
		};
		1EB61B981C449DAB000AEDC8 /* Release */ = {
			isa = XCBuildConfiguration;
			buildSettings = {
				ASSETCATALOG_COMPILER_APPICON_NAME = AppIcon;
				INFOPLIST_FILE = "Meme Maker/Info.plist";
				LD_RUNPATH_SEARCH_PATHS = "$(inherited) @executable_path/Frameworks";
				PRODUCT_BUNDLE_IDENTIFIER = "com.arunjot.Meme-Maker";
				PRODUCT_NAME = "Meme Maker";
			};
			name = Release;
		};
		1EB61B9A1C449DAB000AEDC8 /* Debug */ = {
			isa = XCBuildConfiguration;
			buildSettings = {
				BUNDLE_LOADER = "$(TEST_HOST)";
				INFOPLIST_FILE = "Meme MakerTests/Info.plist";
				LD_RUNPATH_SEARCH_PATHS = "$(inherited) @executable_path/Frameworks @loader_path/Frameworks";
				PRODUCT_BUNDLE_IDENTIFIER = "com.arunjot.Meme-MakerTests";
				PRODUCT_NAME = "Meme Maker";
				TEST_HOST = "$(BUILT_PRODUCTS_DIR)/Meme Maker.app/Meme Maker";
			};
			name = Debug;
		};
		1EB61B9B1C449DAB000AEDC8 /* Release */ = {
			isa = XCBuildConfiguration;
			buildSettings = {
				BUNDLE_LOADER = "$(TEST_HOST)";
				INFOPLIST_FILE = "Meme MakerTests/Info.plist";
				LD_RUNPATH_SEARCH_PATHS = "$(inherited) @executable_path/Frameworks @loader_path/Frameworks";
				PRODUCT_BUNDLE_IDENTIFIER = "com.arunjot.Meme-MakerTests";
				PRODUCT_NAME = "Meme Maker";
				TEST_HOST = "$(BUILT_PRODUCTS_DIR)/Meme Maker.app/Meme Maker";
			};
			name = Release;
		};
		1EB61B9D1C449DAB000AEDC8 /* Debug */ = {
			isa = XCBuildConfiguration;
			buildSettings = {
				INFOPLIST_FILE = "Meme MakerUITests/Info.plist";
				LD_RUNPATH_SEARCH_PATHS = "$(inherited) @executable_path/Frameworks @loader_path/Frameworks";
				PRODUCT_BUNDLE_IDENTIFIER = "com.arunjot.Meme-MakerUITests";
				PRODUCT_NAME = "Meme Maker";
				TEST_TARGET_NAME = "Meme Maker";
				USES_XCTRUNNER = YES;
			};
			name = Debug;
		};
		1EB61B9E1C449DAB000AEDC8 /* Release */ = {
			isa = XCBuildConfiguration;
			buildSettings = {
				INFOPLIST_FILE = "Meme MakerUITests/Info.plist";
				LD_RUNPATH_SEARCH_PATHS = "$(inherited) @executable_path/Frameworks @loader_path/Frameworks";
				PRODUCT_BUNDLE_IDENTIFIER = "com.arunjot.Meme-MakerUITests";
				PRODUCT_NAME = "Meme Maker";
				TEST_TARGET_NAME = "Meme Maker";
				USES_XCTRUNNER = YES;
			};
			name = Release;
		};
/* End XCBuildConfiguration section */

/* Begin XCConfigurationList section */
		1EB61B691C449DAA000AEDC8 /* Build configuration list for PBXProject "Meme Maker" */ = {
			isa = XCConfigurationList;
			buildConfigurations = (
				1EB61B941C449DAB000AEDC8 /* Debug */,
				1EB61B951C449DAB000AEDC8 /* Release */,
			);
			defaultConfigurationIsVisible = 0;
			defaultConfigurationName = Release;
		};
		1EB61B961C449DAB000AEDC8 /* Build configuration list for PBXNativeTarget "Meme Maker" */ = {
			isa = XCConfigurationList;
			buildConfigurations = (
				1EB61B971C449DAB000AEDC8 /* Debug */,
				1EB61B981C449DAB000AEDC8 /* Release */,
			);
			defaultConfigurationIsVisible = 0;
			defaultConfigurationName = Release;
		};
		1EB61B991C449DAB000AEDC8 /* Build configuration list for PBXNativeTarget "Meme MakerTests" */ = {
			isa = XCConfigurationList;
			buildConfigurations = (
				1EB61B9A1C449DAB000AEDC8 /* Debug */,
				1EB61B9B1C449DAB000AEDC8 /* Release */,
			);
			defaultConfigurationIsVisible = 0;
			defaultConfigurationName = Release;
		};
		1EB61B9C1C449DAB000AEDC8 /* Build configuration list for PBXNativeTarget "Meme MakerUITests" */ = {
			isa = XCConfigurationList;
			buildConfigurations = (
				1EB61B9D1C449DAB000AEDC8 /* Debug */,
				1EB61B9E1C449DAB000AEDC8 /* Release */,
			);
			defaultConfigurationIsVisible = 0;
			defaultConfigurationName = Release;
		};
/* End XCConfigurationList section */
	};
	rootObject = 1EB61B661C449DAA000AEDC8 /* Project object */;
}
